// !$*UTF8*$!
{
	archiveVersion = 1;
	classes = {
	};
	objectVersion = 77;
	objects = {

/* Begin PBXBuildFile section */
		3E4EF8232F948BB20091CB2E /* FirebaseAnalytics in Frameworks */ = {isa = PBXBuildFile; productRef = 3E4EF8222F948BB20091CB2E /* FirebaseAnalytics */; };
		3E4EF8252F948BB20091CB2E /* FirebaseAppCheck in Frameworks */ = {isa = PBXBuildFile; productRef = 3E4EF8242F948BB20091CB2E /* FirebaseAppCheck */; };
		3E4EF8272F948BB20091CB2E /* FirebaseAuth in Frameworks */ = {isa = PBXBuildFile; productRef = 3E4EF8262F948BB20091CB2E /* FirebaseAuth */; };
		3E4EF8292F948BB20091CB2E /* FirebaseCore in Frameworks */ = {isa = PBXBuildFile; productRef = 3E4EF8282F948BB20091CB2E /* FirebaseCore */; };
		3E4EF82B2F948BB20091CB2E /* FirebaseCrashlytics in Frameworks */ = {isa = PBXBuildFile; productRef = 3E4EF82A2F948BB20091CB2E /* FirebaseCrashlytics */; };
		3E4EF82D2F948BB20091CB2E /* FirebaseFirestore in Frameworks */ = {isa = PBXBuildFile; productRef = 3E4EF82C2F948BB20091CB2E /* FirebaseFirestore */; };
		3E4EF82F2F948BB20091CB2E /* FirebaseFunctions in Frameworks */ = {isa = PBXBuildFile; productRef = 3E4EF82E2F948BB20091CB2E /* FirebaseFunctions */; };
		3E4EF8332F948BB20091CB2E /* FirebasePerformance in Frameworks */ = {isa = PBXBuildFile; productRef = 3E4EF8322F948BB20091CB2E /* FirebasePerformance */; };
		3E4EF8352F948BB20091CB2E /* FirebaseRemoteConfig in Frameworks */ = {isa = PBXBuildFile; productRef = 3E4EF8342F948BB20091CB2E /* FirebaseRemoteConfig */; };
		3E4EF8372F948BB20091CB2E /* FirebaseStorage in Frameworks */ = {isa = PBXBuildFile; productRef = 3E4EF8362F948BB20091CB2E /* FirebaseStorage */; };
/* End PBXBuildFile section */

/* Begin PBXContainerItemProxy section */
		3E4EF7C62F93B2010091CB2E /* PBXContainerItemProxy */ = {
			isa = PBXContainerItemProxy;
			containerPortal = 3E4EF7AE2F93B2000091CB2E /* Project object */;
			proxyType = 1;
			remoteGlobalIDString = 3E4EF7B52F93B2000091CB2E;
			remoteInfo = lingfeed;
		};
		3E4EF7D02F93B2010091CB2E /* PBXContainerItemProxy */ = {
			isa = PBXContainerItemProxy;
			containerPortal = 3E4EF7AE2F93B2000091CB2E /* Project object */;
			proxyType = 1;
			remoteGlobalIDString = 3E4EF7B52F93B2000091CB2E;
			remoteInfo = lingfeed;
		};
/* End PBXContainerItemProxy section */

/* Begin PBXFileReference section */
		3E4EF7B62F93B2000091CB2E /* lingfeed.app */ = {isa = PBXFileReference; explicitFileType = wrapper.application; includeInIndex = 0; path = lingfeed.app; sourceTree = BUILT_PRODUCTS_DIR; };
		3E4EF7C52F93B2010091CB2E /* lingfeedTests.xctest */ = {isa = PBXFileReference; explicitFileType = wrapper.cfbundle; includeInIndex = 0; path = lingfeedTests.xctest; sourceTree = BUILT_PRODUCTS_DIR; };
		3E4EF7CF2F93B2010091CB2E /* lingfeedUITests.xctest */ = {isa = PBXFileReference; explicitFileType = wrapper.cfbundle; includeInIndex = 0; path = lingfeedUITests.xctest; sourceTree = BUILT_PRODUCTS_DIR; };
/* End PBXFileReference section */

/* Begin PBXFileSystemSynchronizedRootGroup section */
		3E4EF7B82F93B2000091CB2E /* lingfeed */ = {
			isa = PBXFileSystemSynchronizedRootGroup;
			path = lingfeed;
			sourceTree = "<group>";
		};
		3E4EF7C82F93B2010091CB2E /* lingfeedTests */ = {
			isa = PBXFileSystemSynchronizedRootGroup;
			path = lingfeedTests;
			sourceTree = "<group>";
		};
		3E4EF7D22F93B2010091CB2E /* lingfeedUITests */ = {
			isa = PBXFileSystemSynchronizedRootGroup;
			path = lingfeedUITests;
			sourceTree = "<group>";
		};
/* End PBXFileSystemSynchronizedRootGroup section */

/* Begin PBXFrameworksBuildPhase section */
		3E4EF7B32F93B2000091CB2E /* Frameworks */ = {
			isa = PBXFrameworksBuildPhase;
			buildActionMask = 2147483647;
			files = (
				3E4EF8252F948BB20091CB2E /* FirebaseAppCheck in Frameworks */,
				3E4EF8332F948BB20091CB2E /* FirebasePerformance in Frameworks */,
				3E4EF82F2F948BB20091CB2E /* FirebaseFunctions in Frameworks */,
				3E4EF8272F948BB20091CB2E /* FirebaseAuth in Frameworks */,
				3E4EF82B2F948BB20091CB2E /* FirebaseCrashlytics in Frameworks */,
				3E4EF8292F948BB20091CB2E /* FirebaseCore in Frameworks */,
				3E4EF8232F948BB20091CB2E /* FirebaseAnalytics in Frameworks */,
				3E4EF8372F948BB20091CB2E /* FirebaseStorage in Frameworks */,
				3E4EF82D2F948BB20091CB2E /* FirebaseFirestore in Frameworks */,
				3E4EF8352F948BB20091CB2E /* FirebaseRemoteConfig in Frameworks */,
			);
			runOnlyForDeploymentPostprocessing = 0;
		};
		3E4EF7C22F93B2010091CB2E /* Frameworks */ = {
			isa = PBXFrameworksBuildPhase;
			buildActionMask = 2147483647;
			files = (
			);
			runOnlyForDeploymentPostprocessing = 0;
		};
		3E4EF7CC2F93B2010091CB2E /* Frameworks */ = {
			isa = PBXFrameworksBuildPhase;
			buildActionMask = 2147483647;
			files = (
			);
			runOnlyForDeploymentPostprocessing = 0;
		};
/* End PBXFrameworksBuildPhase section */

/* Begin PBXGroup section */
		3E4EF7AD2F93B2000091CB2E = {
			isa = PBXGroup;
			children = (
				3E4EF7B82F93B2000091CB2E /* lingfeed */,
				3E4EF7C82F93B2010091CB2E /* lingfeedTests */,
				3E4EF7D22F93B2010091CB2E /* lingfeedUITests */,
				3E4EF7B72F93B2000091CB2E /* Products */,
			);
			sourceTree = "<group>";
		};
		3E4EF7B72F93B2000091CB2E /* Products */ = {
			isa = PBXGroup;
			children = (
				3E4EF7B62F93B2000091CB2E /* lingfeed.app */,
				3E4EF7C52F93B2010091CB2E /* lingfeedTests.xctest */,
				3E4EF7CF2F93B2010091CB2E /* lingfeedUITests.xctest */,
			);
			name = Products;
			sourceTree = "<group>";
		};
/* End PBXGroup section */

/* Begin PBXNativeTarget section */
		3E4EF7B52F93B2000091CB2E /* lingfeed */ = {
			isa = PBXNativeTarget;
			buildConfigurationList = 3E4EF7D92F93B2010091CB2E /* Build configuration list for PBXNativeTarget "lingfeed" */;
			buildPhases = (
				3E4EF7B22F93B2000091CB2E /* Sources */,
				3E4EF7B32F93B2000091CB2E /* Frameworks */,
				3E4EF7B42F93B2000091CB2E /* Resources */,
			);
			buildRules = (
			);
			dependencies = (
			);
			fileSystemSynchronizedGroups = (
				3E4EF7B82F93B2000091CB2E /* lingfeed */,
			);
			name = lingfeed;
			packageProductDependencies = (
				3E4EF8222F948BB20091CB2E /* FirebaseAnalytics */,
				3E4EF8242F948BB20091CB2E /* FirebaseAppCheck */,
				3E4EF8262F948BB20091CB2E /* FirebaseAuth */,
				3E4EF8282F948BB20091CB2E /* FirebaseCore */,
				3E4EF82A2F948BB20091CB2E /* FirebaseCrashlytics */,
				3E4EF82C2F948BB20091CB2E /* FirebaseFirestore */,
				3E4EF82E2F948BB20091CB2E /* FirebaseFunctions */,
				3E4EF8322F948BB20091CB2E /* FirebasePerformance */,
				3E4EF8342F948BB20091CB2E /* FirebaseRemoteConfig */,
				3E4EF8362F948BB20091CB2E /* FirebaseStorage */,
			);
			productName = lingfeed;
			productReference = 3E4EF7B62F93B2000091CB2E /* lingfeed.app */;
			productType = "com.apple.product-type.application";
		};
		3E4EF7C42F93B2010091CB2E /* lingfeedTests */ = {
			isa = PBXNativeTarget;
			buildConfigurationList = 3E4EF7DC2F93B2010091CB2E /* Build configuration list for PBXNativeTarget "lingfeedTests" */;
			buildPhases = (
				3E4EF7C12F93B2010091CB2E /* Sources */,
				3E4EF7C22F93B2010091CB2E /* Frameworks */,
				3E4EF7C32F93B2010091CB2E /* Resources */,
			);
			buildRules = (
			);
			dependencies = (
				3E4EF7C72F93B2010091CB2E /* PBXTargetDependency */,
			);
			fileSystemSynchronizedGroups = (
				3E4EF7C82F93B2010091CB2E /* lingfeedTests */,
			);
			name = lingfeedTests;
			packageProductDependencies = (
			);
			productName = lingfeedTests;
			productReference = 3E4EF7C52F93B2010091CB2E /* lingfeedTests.xctest */;
			productType = "com.apple.product-type.bundle.unit-test";
		};
		3E4EF7CE2F93B2010091CB2E /* lingfeedUITests */ = {
			isa = PBXNativeTarget;
			buildConfigurationList = 3E4EF7DF2F93B2010091CB2E /* Build configuration list for PBXNativeTarget "lingfeedUITests" */;
			buildPhases = (
				3E4EF7CB2F93B2010091CB2E /* Sources */,
				3E4EF7CC2F93B2010091CB2E /* Frameworks */,
				3E4EF7CD2F93B2010091CB2E /* Resources */,
			);
			buildRules = (
			);
			dependencies = (
				3E4EF7D12F93B2010091CB2E /* PBXTargetDependency */,
			);
			fileSystemSynchronizedGroups = (
				3E4EF7D22F93B2010091CB2E /* lingfeedUITests */,
			);
			name = lingfeedUITests;
			packageProductDependencies = (
			);
			productName = lingfeedUITests;
			productReference = 3E4EF7CF2F93B2010091CB2E /* lingfeedUITests.xctest */;
			productType = "com.apple.product-type.bundle.ui-testing";
		};
/* End PBXNativeTarget section */

/* Begin PBXProject section */
		3E4EF7AE2F93B2000091CB2E /* Project object */ = {
			isa = PBXProject;
			attributes = {
				BuildIndependentTargetsInParallel = 1;
				LastSwiftUpdateCheck = 2640;
				LastUpgradeCheck = 2640;
				TargetAttributes = {
					3E4EF7B52F93B2000091CB2E = {
						CreatedOnToolsVersion = 26.4;
					};
					3E4EF7C42F93B2010091CB2E = {
						CreatedOnToolsVersion = 26.4;
						TestTargetID = 3E4EF7B52F93B2000091CB2E;
					};
					3E4EF7CE2F93B2010091CB2E = {
						CreatedOnToolsVersion = 26.4;
						TestTargetID = 3E4EF7B52F93B2000091CB2E;
					};
				};
			};
			buildConfigurationList = 3E4EF7B12F93B2000091CB2E /* Build configuration list for PBXProject "lingfeed" */;
			developmentRegion = en;
			hasScannedForEncodings = 0;
			knownRegions = (
				en,
				Base,
				de,
				"zh-Hans",
				ja,
				es,
				it,
				ko,
				ru,
				fr,
				pt,
			);
			mainGroup = 3E4EF7AD2F93B2000091CB2E;
			minimizedProjectReferenceProxies = 1;
			packageReferences = (
				3E4EF8212F948BB20091CB2E /* XCRemoteSwiftPackageReference "firebase-ios-sdk" */,
			);
			preferredProjectObjectVersion = 77;
			productRefGroup = 3E4EF7B72F93B2000091CB2E /* Products */;
			projectDirPath = "";
			projectRoot = "";
			targets = (
				3E4EF7B52F93B2000091CB2E /* lingfeed */,
				3E4EF7C42F93B2010091CB2E /* lingfeedTests */,
				3E4EF7CE2F93B2010091CB2E /* lingfeedUITests */,
			);
		};
/* End PBXProject section */

/* Begin PBXResourcesBuildPhase section */
		3E4EF7B42F93B2000091CB2E /* Resources */ = {
			isa = PBXResourcesBuildPhase;
			buildActionMask = 2147483647;
			files = (
			);
			runOnlyForDeploymentPostprocessing = 0;
		};
		3E4EF7C32F93B2010091CB2E /* Resources */ = {
			isa = PBXResourcesBuildPhase;
			buildActionMask = 2147483647;
			files = (
			);
			runOnlyForDeploymentPostprocessing = 0;
		};
		3E4EF7CD2F93B2010091CB2E /* Resources */ = {
			isa = PBXResourcesBuildPhase;
			buildActionMask = 2147483647;
			files = (
			);
			runOnlyForDeploymentPostprocessing = 0;
		};
/* End PBXResourcesBuildPhase section */

/* Begin PBXSourcesBuildPhase section */
		3E4EF7B22F93B2000091CB2E /* Sources */ = {
			isa = PBXSourcesBuildPhase;
			buildActionMask = 2147483647;
			files = (
			);
			runOnlyForDeploymentPostprocessing = 0;
		};
		3E4EF7C12F93B2010091CB2E /* Sources */ = {
			isa = PBXSourcesBuildPhase;
			buildActionMask = 2147483647;
			files = (
			);
			runOnlyForDeploymentPostprocessing = 0;
		};
		3E4EF7CB2F93B2010091CB2E /* Sources */ = {
			isa = PBXSourcesBuildPhase;
			buildActionMask = 2147483647;
			files = (
			);
			runOnlyForDeploymentPostprocessing = 0;
		};
/* End PBXSourcesBuildPhase section */

/* Begin PBXTargetDependency section */
		3E4EF7C72F93B2010091CB2E /* PBXTargetDependency */ = {
			isa = PBXTargetDependency;
			target = 3E4EF7B52F93B2000091CB2E /* lingfeed */;
			targetProxy = 3E4EF7C62F93B2010091CB2E /* PBXContainerItemProxy */;
		};
		3E4EF7D12F93B2010091CB2E /* PBXTargetDependency */ = {
			isa = PBXTargetDependency;
			target = 3E4EF7B52F93B2000091CB2E /* lingfeed */;
			targetProxy = 3E4EF7D02F93B2010091CB2E /* PBXContainerItemProxy */;
		};
/* End PBXTargetDependency section */

/* Begin XCBuildConfiguration section */
		3E4EF7D72F93B2010091CB2E /* Debug */ = {
			isa = XCBuildConfiguration;
			buildSettings = {
				ALWAYS_SEARCH_USER_PATHS = NO;
				ASSETCATALOG_COMPILER_GENERATE_SWIFT_ASSET_SYMBOL_EXTENSIONS = YES;
				CLANG_ANALYZER_NONNULL = YES;
				CLANG_ANALYZER_NUMBER_OBJECT_CONVERSION = YES_AGGRESSIVE;
				CLANG_CXX_LANGUAGE_STANDARD = "gnu++20";
				CLANG_ENABLE_MODULES = YES;
				CLANG_ENABLE_OBJC_ARC = YES;
				CLANG_ENABLE_OBJC_WEAK = YES;
				CLANG_WARN_BLOCK_CAPTURE_AUTORELEASING = YES;
				CLANG_WARN_BOOL_CONVERSION = YES;
				CLANG_WARN_COMMA = YES;
				CLANG_WARN_CONSTANT_CONVERSION = YES;
				CLANG_WARN_DEPRECATED_OBJC_IMPLEMENTATIONS = YES;
				CLANG_WARN_DIRECT_OBJC_ISA_USAGE = YES_ERROR;
				CLANG_WARN_DOCUMENTATION_COMMENTS = YES;
				CLANG_WARN_EMPTY_BODY = YES;
				CLANG_WARN_ENUM_CONVERSION = YES;
				CLANG_WARN_INFINITE_RECURSION = YES;
				CLANG_WARN_INT_CONVERSION = YES;
				CLANG_WARN_NON_LITERAL_NULL_CONVERSION = YES;
				CLANG_WARN_OBJC_IMPLICIT_RETAIN_SELF = YES;
				CLANG_WARN_OBJC_LITERAL_CONVERSION = YES;
				CLANG_WARN_OBJC_ROOT_CLASS = YES_ERROR;
				CLANG_WARN_QUOTED_INCLUDE_IN_FRAMEWORK_HEADER = YES;
				CLANG_WARN_RANGE_LOOP_ANALYSIS = YES;
				CLANG_WARN_STRICT_PROTOTYPES = YES;
				CLANG_WARN_SUSPICIOUS_MOVE = YES;
				CLANG_WARN_UNGUARDED_AVAILABILITY = YES_AGGRESSIVE;
				CLANG_WARN_UNREACHABLE_CODE = YES;
				CLANG_WARN__DUPLICATE_METHOD_MATCH = YES;
				COPY_PHASE_STRIP = NO;
				DEBUG_INFORMATION_FORMAT = dwarf;
				DEVELOPMENT_TEAM = G3M7ZA8M45;
				ENABLE_STRICT_OBJC_MSGSEND = YES;
				ENABLE_TESTABILITY = YES;
				ENABLE_USER_SCRIPT_SANDBOXING = YES;
				GCC_C_LANGUAGE_STANDARD = gnu17;
				GCC_DYNAMIC_NO_PIC = NO;
				GCC_NO_COMMON_BLOCKS = YES;
				GCC_OPTIMIZATION_LEVEL = 0;
				GCC_PREPROCESSOR_DEFINITIONS = (
					"DEBUG=1",
					"$(inherited)",
				);
				GCC_WARN_64_TO_32_BIT_CONVERSION = YES;
				GCC_WARN_ABOUT_RETURN_TYPE = YES_ERROR;
				GCC_WARN_UNDECLARED_SELECTOR = YES;
				GCC_WARN_UNINITIALIZED_AUTOS = YES_AGGRESSIVE;
				GCC_WARN_UNUSED_FUNCTION = YES;
				GCC_WARN_UNUSED_VARIABLE = YES;
				IPHONEOS_DEPLOYMENT_TARGET = 17.0;
				LOCALIZATION_PREFERS_STRING_CATALOGS = YES;
				MTL_ENABLE_DEBUG_INFO = INCLUDE_SOURCE;
				MTL_FAST_MATH = YES;
				ONLY_ACTIVE_ARCH = YES;
				SDKROOT = iphoneos;
				SWIFT_ACTIVE_COMPILATION_CONDITIONS = "DEBUG $(inherited)";
				SWIFT_OPTIMIZATION_LEVEL = "-Onone";
			};
			name = Debug;
		};
		3E4EF7D82F93B2010091CB2E /* Release */ = {
			isa = XCBuildConfiguration;
			buildSettings = {
				ALWAYS_SEARCH_USER_PATHS = NO;
				ASSETCATALOG_COMPILER_GENERATE_SWIFT_ASSET_SYMBOL_EXTENSIONS = YES;
				CLANG_ANALYZER_NONNULL = YES;
				CLANG_ANALYZER_NUMBER_OBJECT_CONVERSION = YES_AGGRESSIVE;
				CLANG_CXX_LANGUAGE_STANDARD = "gnu++20";
				CLANG_ENABLE_MODULES = YES;
				CLANG_ENABLE_OBJC_ARC = YES;
				CLANG_ENABLE_OBJC_WEAK = YES;
				CLANG_WARN_BLOCK_CAPTURE_AUTORELEASING = YES;
				CLANG_WARN_BOOL_CONVERSION = YES;
				CLANG_WARN_COMMA = YES;
				CLANG_WARN_CONSTANT_CONVERSION = YES;
				CLANG_WARN_DEPRECATED_OBJC_IMPLEMENTATIONS = YES;
				CLANG_WARN_DIRECT_OBJC_ISA_USAGE = YES_ERROR;
				CLANG_WARN_DOCUMENTATION_COMMENTS = YES;
				CLANG_WARN_EMPTY_BODY = YES;
				CLANG_WARN_ENUM_CONVERSION = YES;
				CLANG_WARN_INFINITE_RECURSION = YES;
				CLANG_WARN_INT_CONVERSION = YES;
				CLANG_WARN_NON_LITERAL_NULL_CONVERSION = YES;
				CLANG_WARN_OBJC_IMPLICIT_RETAIN_SELF = YES;
				CLANG_WARN_OBJC_LITERAL_CONVERSION = YES;
				CLANG_WARN_OBJC_ROOT_CLASS = YES_ERROR;
				CLANG_WARN_QUOTED_INCLUDE_IN_FRAMEWORK_HEADER = YES;
				CLANG_WARN_RANGE_LOOP_ANALYSIS = YES;
				CLANG_WARN_STRICT_PROTOTYPES = YES;
				CLANG_WARN_SUSPICIOUS_MOVE = YES;
				CLANG_WARN_UNGUARDED_AVAILABILITY = YES_AGGRESSIVE;
				CLANG_WARN_UNREACHABLE_CODE = YES;
				CLANG_WARN__DUPLICATE_METHOD_MATCH = YES;
				COPY_PHASE_STRIP = NO;
				DEBUG_INFORMATION_FORMAT = "dwarf-with-dsym";
				DEVELOPMENT_TEAM = G3M7ZA8M45;
				ENABLE_NS_ASSERTIONS = NO;
				ENABLE_STRICT_OBJC_MSGSEND = YES;
				ENABLE_USER_SCRIPT_SANDBOXING = YES;
				GCC_C_LANGUAGE_STANDARD = gnu17;
				GCC_NO_COMMON_BLOCKS = YES;
				GCC_WARN_64_TO_32_BIT_CONVERSION = YES;
				GCC_WARN_ABOUT_RETURN_TYPE = YES_ERROR;
				GCC_WARN_UNDECLARED_SELECTOR = YES;
				GCC_WARN_UNINITIALIZED_AUTOS = YES_AGGRESSIVE;
				GCC_WARN_UNUSED_FUNCTION = YES;
				GCC_WARN_UNUSED_VARIABLE = YES;
				IPHONEOS_DEPLOYMENT_TARGET = 17.0;
				LOCALIZATION_PREFERS_STRING_CATALOGS = YES;
				MTL_ENABLE_DEBUG_INFO = NO;
				MTL_FAST_MATH = YES;
				SDKROOT = iphoneos;
				SWIFT_COMPILATION_MODE = wholemodule;
				VALIDATE_PRODUCT = YES;
			};
			name = Release;
		};
		3E4EF7DA2F93B2010091CB2E /* Debug */ = {
			isa = XCBuildConfiguration;
			buildSettings = {
				ASSETCATALOG_COMPILER_APPICON_NAME = AppIcon;
				ASSETCATALOG_COMPILER_GLOBAL_ACCENT_COLOR_NAME = AccentColor;
				CODE_SIGN_STYLE = Automatic;
				CURRENT_PROJECT_VERSION = 1;
				DEVELOPMENT_TEAM = G3M7ZA8M45;
				ENABLE_PREVIEWS = YES;
				GENERATE_INFOPLIST_FILE = YES;
				INFOPLIST_KEY_UIApplicationSceneManifest_Generation = YES;
				INFOPLIST_KEY_UIApplicationSupportsIndirectInputEvents = YES;
				INFOPLIST_KEY_UILaunchScreen_Generation = YES;
				INFOPLIST_KEY_UISupportedInterfaceOrientations_iPad = "UIInterfaceOrientationPortrait UIInterfaceOrientationPortraitUpsideDown UIInterfaceOrientationLandscapeLeft UIInterfaceOrientationLandscapeRight";
				INFOPLIST_KEY_UISupportedInterfaceOrientations_iPhone = "UIInterfaceOrientationPortrait UIInterfaceOrientationLandscapeLeft UIInterfaceOrientationLandscapeRight";
				LD_RUNPATH_SEARCH_PATHS = (
					"$(inherited)",
					"@executable_path/Frameworks",
				);
				MARKETING_VERSION = 1.0;
				PRODUCT_BUNDLE_IDENTIFIER = com.lexmashkov.lingfeed;
				PRODUCT_NAME = "$(TARGET_NAME)";
				STRING_CATALOG_GENERATE_SYMBOLS = YES;
				SWIFT_APPROACHABLE_CONCURRENCY = YES;
				SWIFT_DEFAULT_ACTOR_ISOLATION = MainActor;
				SWIFT_EMIT_LOC_STRINGS = YES;
				SWIFT_UPCOMING_FEATURE_MEMBER_IMPORT_VISIBILITY = YES;
				SWIFT_VERSION = 5.0;
				TARGETED_DEVICE_FAMILY = "1,2";
			};
			name = Debug;
		};
		3E4EF7DB2F93B2010091CB2E /* Release */ = {
			isa = XCBuildConfiguration;
			buildSettings = {
				ASSETCATALOG_COMPILER_APPICON_NAME = AppIcon;
				ASSETCATALOG_COMPILER_GLOBAL_ACCENT_COLOR_NAME = AccentColor;
				CODE_SIGN_STYLE = Automatic;
				CURRENT_PROJECT_VERSION = 1;
				DEVELOPMENT_TEAM = G3M7ZA8M45;
				ENABLE_PREVIEWS = YES;
				GENERATE_INFOPLIST_FILE = YES;
				INFOPLIST_KEY_UIApplicationSceneManifest_Generation = YES;
				INFOPLIST_KEY_UIApplicationSupportsIndirectInputEvents = YES;
				INFOPLIST_KEY_UILaunchScreen_Generation = YES;
				INFOPLIST_KEY_UISupportedInterfaceOrientations_iPad = "UIInterfaceOrientationPortrait UIInterfaceOrientationPortraitUpsideDown UIInterfaceOrientationLandscapeLeft UIInterfaceOrientationLandscapeRight";
				INFOPLIST_KEY_UISupportedInterfaceOrientations_iPhone = "UIInterfaceOrientationPortrait UIInterfaceOrientationLandscapeLeft UIInterfaceOrientationLandscapeRight";
				LD_RUNPATH_SEARCH_PATHS = (
					"$(inherited)",
					"@executable_path/Frameworks",
				);
				MARKETING_VERSION = 1.0;
				PRODUCT_BUNDLE_IDENTIFIER = com.lexmashkov.lingfeed;
				PRODUCT_NAME = "$(TARGET_NAME)";
				STRING_CATALOG_GENERATE_SYMBOLS = YES;
				SWIFT_APPROACHABLE_CONCURRENCY = YES;
				SWIFT_DEFAULT_ACTOR_ISOLATION = MainActor;
				SWIFT_EMIT_LOC_STRINGS = YES;
				SWIFT_UPCOMING_FEATURE_MEMBER_IMPORT_VISIBILITY = YES;
				SWIFT_VERSION = 5.0;
				TARGETED_DEVICE_FAMILY = "1,2";
			};
			name = Release;
		};
		3E4EF7DD2F93B2010091CB2E /* Debug */ = {
			isa = XCBuildConfiguration;
			buildSettings = {
				BUNDLE_LOADER = "$(TEST_HOST)";
				CODE_SIGN_STYLE = Automatic;
				CURRENT_PROJECT_VERSION = 1;
				DEVELOPMENT_TEAM = G3M7ZA8M45;
				GENERATE_INFOPLIST_FILE = YES;
				IPHONEOS_DEPLOYMENT_TARGET = 17.0;
				MARKETING_VERSION = 1.0;
				PRODUCT_BUNDLE_IDENTIFIER = com.lexmashkov.lingfeedTests;
				PRODUCT_NAME = "$(TARGET_NAME)";
				STRING_CATALOG_GENERATE_SYMBOLS = NO;
				SWIFT_APPROACHABLE_CONCURRENCY = YES;
				SWIFT_EMIT_LOC_STRINGS = NO;
				SWIFT_UPCOMING_FEATURE_MEMBER_IMPORT_VISIBILITY = YES;
				SWIFT_VERSION = 5.0;
				TARGETED_DEVICE_FAMILY = "1,2";
				TEST_HOST = "$(BUILT_PRODUCTS_DIR)/lingfeed.app/$(BUNDLE_EXECUTABLE_FOLDER_PATH)/lingfeed";
			};
			name = Debug;
		};
		3E4EF7DE2F93B2010091CB2E /* Release */ = {
			isa = XCBuildConfiguration;
			buildSettings = {
				BUNDLE_LOADER = "$(TEST_HOST)";
				CODE_SIGN_STYLE = Automatic;
				CURRENT_PROJECT_VERSION = 1;
				DEVELOPMENT_TEAM = G3M7ZA8M45;
				GENERATE_INFOPLIST_FILE = YES;
				IPHONEOS_DEPLOYMENT_TARGET = 17.0;
				MARKETING_VERSION = 1.0;
				PRODUCT_BUNDLE_IDENTIFIER = com.lexmashkov.lingfeedTests;
				PRODUCT_NAME = "$(TARGET_NAME)";
				STRING_CATALOG_GENERATE_SYMBOLS = NO;
				SWIFT_APPROACHABLE_CONCURRENCY = YES;
				SWIFT_EMIT_LOC_STRINGS = NO;
				SWIFT_UPCOMING_FEATURE_MEMBER_IMPORT_VISIBILITY = YES;
				SWIFT_VERSION = 5.0;
				TARGETED_DEVICE_FAMILY = "1,2";
				TEST_HOST = "$(BUILT_PRODUCTS_DIR)/lingfeed.app/$(BUNDLE_EXECUTABLE_FOLDER_PATH)/lingfeed";
			};
			name = Release;
		};
		3E4EF7E02F93B2010091CB2E /* Debug */ = {
			isa = XCBuildConfiguration;
			buildSettings = {
				CODE_SIGN_STYLE = Automatic;
				CURRENT_PROJECT_VERSION = 1;
				DEVELOPMENT_TEAM = G3M7ZA8M45;
				GENERATE_INFOPLIST_FILE = YES;
				MARKETING_VERSION = 1.0;
				PRODUCT_BUNDLE_IDENTIFIER = com.lexmashkov.lingfeedUITests;
				PRODUCT_NAME = "$(TARGET_NAME)";
				STRING_CATALOG_GENERATE_SYMBOLS = NO;
				SWIFT_APPROACHABLE_CONCURRENCY = YES;
				SWIFT_EMIT_LOC_STRINGS = NO;
				SWIFT_UPCOMING_FEATURE_MEMBER_IMPORT_VISIBILITY = YES;
				SWIFT_VERSION = 5.0;
				TARGETED_DEVICE_FAMILY = "1,2";
				TEST_TARGET_NAME = lingfeed;
			};
			name = Debug;
		};
		3E4EF7E12F93B2010091CB2E /* Release */ = {
			isa = XCBuildConfiguration;
			buildSettings = {
				CODE_SIGN_STYLE = Automatic;
				CURRENT_PROJECT_VERSION = 1;
				DEVELOPMENT_TEAM = G3M7ZA8M45;
				GENERATE_INFOPLIST_FILE = YES;
				MARKETING_VERSION = 1.0;
				PRODUCT_BUNDLE_IDENTIFIER = com.lexmashkov.lingfeedUITests;
				PRODUCT_NAME = "$(TARGET_NAME)";
				STRING_CATALOG_GENERATE_SYMBOLS = NO;
				SWIFT_APPROACHABLE_CONCURRENCY = YES;
				SWIFT_EMIT_LOC_STRINGS = NO;
				SWIFT_UPCOMING_FEATURE_MEMBER_IMPORT_VISIBILITY = YES;
				SWIFT_VERSION = 5.0;
				TARGETED_DEVICE_FAMILY = "1,2";
				TEST_TARGET_NAME = lingfeed;
			};
			name = Release;
		};
/* End XCBuildConfiguration section */

/* Begin XCConfigurationList section */
		3E4EF7B12F93B2000091CB2E /* Build configuration list for PBXProject "lingfeed" */ = {
			isa = XCConfigurationList;
			buildConfigurations = (
				3E4EF7D72F93B2010091CB2E /* Debug */,
				3E4EF7D82F93B2010091CB2E /* Release */,
			);
			defaultConfigurationIsVisible = 0;
			defaultConfigurationName = Release;
		};
		3E4EF7D92F93B2010091CB2E /* Build configuration list for PBXNativeTarget "lingfeed" */ = {
			isa = XCConfigurationList;
			buildConfigurations = (
				3E4EF7DA2F93B2010091CB2E /* Debug */,
				3E4EF7DB2F93B2010091CB2E /* Release */,
			);
			defaultConfigurationIsVisible = 0;
			defaultConfigurationName = Release;
		};
		3E4EF7DC2F93B2010091CB2E /* Build configuration list for PBXNativeTarget "lingfeedTests" */ = {
			isa = XCConfigurationList;
			buildConfigurations = (
				3E4EF7DD2F93B2010091CB2E /* Debug */,
				3E4EF7DE2F93B2010091CB2E /* Release */,
			);
			defaultConfigurationIsVisible = 0;
			defaultConfigurationName = Release;
		};
		3E4EF7DF2F93B2010091CB2E /* Build configuration list for PBXNativeTarget "lingfeedUITests" */ = {
			isa = XCConfigurationList;
			buildConfigurations = (
				3E4EF7E02F93B2010091CB2E /* Debug */,
				3E4EF7E12F93B2010091CB2E /* Release */,
			);
			defaultConfigurationIsVisible = 0;
			defaultConfigurationName = Release;
		};
/* End XCConfigurationList section */

/* Begin XCRemoteSwiftPackageReference section */
		3E4EF8212F948BB20091CB2E /* XCRemoteSwiftPackageReference "firebase-ios-sdk" */ = {
			isa = XCRemoteSwiftPackageReference;
			repositoryURL = "https://github.com/firebase/firebase-ios-sdk";
			requirement = {
				kind = upToNextMajorVersion;
				minimumVersion = 12.12.1;
			};
		};
/* End XCRemoteSwiftPackageReference section */

/* Begin XCSwiftPackageProductDependency section */
		3E4EF8222F948BB20091CB2E /* FirebaseAnalytics */ = {
			isa = XCSwiftPackageProductDependency;
			package = 3E4EF8212F948BB20091CB2E /* XCRemoteSwiftPackageReference "firebase-ios-sdk" */;
			productName = FirebaseAnalytics;
		};
		3E4EF8242F948BB20091CB2E /* FirebaseAppCheck */ = {
			isa = XCSwiftPackageProductDependency;
			package = 3E4EF8212F948BB20091CB2E /* XCRemoteSwiftPackageReference "firebase-ios-sdk" */;
			productName = FirebaseAppCheck;
		};
		3E4EF8262F948BB20091CB2E /* FirebaseAuth */ = {
			isa = XCSwiftPackageProductDependency;
			package = 3E4EF8212F948BB20091CB2E /* XCRemoteSwiftPackageReference "firebase-ios-sdk" */;
			productName = FirebaseAuth;
		};
		3E4EF8282F948BB20091CB2E /* FirebaseCore */ = {
			isa = XCSwiftPackageProductDependency;
			package = 3E4EF8212F948BB20091CB2E /* XCRemoteSwiftPackageReference "firebase-ios-sdk" */;
			productName = FirebaseCore;
		};
		3E4EF82A2F948BB20091CB2E /* FirebaseCrashlytics */ = {
			isa = XCSwiftPackageProductDependency;
			package = 3E4EF8212F948BB20091CB2E /* XCRemoteSwiftPackageReference "firebase-ios-sdk" */;
			productName = FirebaseCrashlytics;
		};
		3E4EF82C2F948BB20091CB2E /* FirebaseFirestore */ = {
			isa = XCSwiftPackageProductDependency;
			package = 3E4EF8212F948BB20091CB2E /* XCRemoteSwiftPackageReference "firebase-ios-sdk" */;
			productName = FirebaseFirestore;
		};
		3E4EF82E2F948BB20091CB2E /* FirebaseFunctions */ = {
			isa = XCSwiftPackageProductDependency;
			package = 3E4EF8212F948BB20091CB2E /* XCRemoteSwiftPackageReference "firebase-ios-sdk" */;
			productName = FirebaseFunctions;
		};
		3E4EF8322F948BB20091CB2E /* FirebasePerformance */ = {
			isa = XCSwiftPackageProductDependency;
			package = 3E4EF8212F948BB20091CB2E /* XCRemoteSwiftPackageReference "firebase-ios-sdk" */;
			productName = FirebasePerformance;
		};
		3E4EF8342F948BB20091CB2E /* FirebaseRemoteConfig */ = {
			isa = XCSwiftPackageProductDependency;
			package = 3E4EF8212F948BB20091CB2E /* XCRemoteSwiftPackageReference "firebase-ios-sdk" */;
			productName = FirebaseRemoteConfig;
		};
		3E4EF8362F948BB20091CB2E /* FirebaseStorage */ = {
			isa = XCSwiftPackageProductDependency;
			package = 3E4EF8212F948BB20091CB2E /* XCRemoteSwiftPackageReference "firebase-ios-sdk" */;
			productName = FirebaseStorage;
		};
/* End XCSwiftPackageProductDependency section */
	};
	rootObject = 3E4EF7AE2F93B2000091CB2E /* Project object */;
}
